
Microsoft Visual Studio Solution File, Format Version 12.00
# Visual Studio Version 17
VisualStudioVersion = 17.5.33627.172
MinimumVisualStudioVersion = 10.0.40219.1
Project("{FAE04EC0-301F-11D3-BF4B-00C04F79EFBC}") = "Prog124_Midterm_Project", "Prog124_Midterm_Project.csproj", "{56E9BD7A-CD79-4F57-8A24-EB40F3EAD1DA}"
EndProject
Global
	GlobalSection(SolutionConfigurationPlatforms) = preSolution
		Debug|Any CPU = Debug|Any CPU
		Release|Any CPU = Release|Any CPU
	EndGlobalSection
	GlobalSection(ProjectConfigurationPlatforms) = postSolution
		{56E9BD7A-CD79-4F57-8A24-EB40F3EAD1DA}.Debug|Any CPU.ActiveCfg = Debug|Any CPU
		{56E9BD7A-CD79-4F57-8A24-EB40F3EAD1DA}.Debug|Any CPU.Build.0 = Debug|Any CPU
		{56E9BD7A-CD79-4F57-8A24-EB40F3EAD1DA}.Release|Any CPU.ActiveCfg = Release|Any CPU
		{56E9BD7A-CD79-4F57-8A24-EB40F3EAD1DA}.Release|Any CPU.Build.0 = Release|Any CPU
	EndGlobalSection
	GlobalSection(SolutionProperties) = preSolution
		HideSolutionNode = FALSE
	EndGlobalSection
	GlobalSection(ExtensibilityGlobals) = postSolution
		SolutionGuid = {D3E01797-6084-4B2D-9B6E-159E97D1E3DE}
	EndGlobalSection
EndGlobal
